
Microsoft Visual Studio Solution File, Format Version 12.00
# Visual Studio Version 17
VisualStudioVersion = 17.5.33530.505
MinimumVisualStudioVersion = 10.0.40219.1
Project("{FAE04EC0-301F-11D3-BF4B-00C04F79EFBC}") = "MySecondConsoleApp", "MySecondConsoleApp\MySecondConsoleApp.csproj", "{680F1AFE-7D17-4A16-A161-4CF5CD91F204}"
EndProject
Global
	GlobalSection(SolutionConfigurationPlatforms) = preSolution
		Debug|Any CPU = Debug|Any CPU
		Release|Any CPU = Release|Any CPU
	EndGlobalSection
	GlobalSection(ProjectConfigurationPlatforms) = postSolution
		{680F1AFE-7D17-4A16-A161-4CF5CD91F204}.Debug|Any CPU.ActiveCfg = Debug|Any CPU
		{680F1AFE-7D17-4A16-A161-4CF5CD91F204}.Debug|Any CPU.Build.0 = Debug|Any CPU
		{680F1AFE-7D17-4A16-A161-4CF5CD91F204}.Release|Any CPU.ActiveCfg = Release|Any CPU
		{680F1AFE-7D17-4A16-A161-4CF5CD91F204}.Release|Any CPU.Build.0 = Release|Any CPU
	EndGlobalSection
	GlobalSection(SolutionProperties) = preSolution
		HideSolutionNode = FALSE
	EndGlobalSection
	GlobalSection(ExtensibilityGlobals) = postSolution
		SolutionGuid = {7B1E7B26-FAFB-4162-BC33-E4FB22C914A8}
	EndGlobalSection
EndGlobal
